
Microsoft Visual Studio Solution File, Format Version 12.00
# Visual Studio Version 17
VisualStudioVersion = 17.3.32922.545
MinimumVisualStudioVersion = 10.0.40219.1
Project("{8BC9CEB8-8B4A-11D0-8D11-00A0C91BC942}") = "HW1", "HW1\HW1.vcxproj", "{FB49D3AD-F611-464A-9D13-D8CEBFFF3F1C}"
EndProject
Global
	GlobalSection(SolutionConfigurationPlatforms) = preSolution
		Debug|x64 = Debug|x64
		Release|x64 = Release|x64
	EndGlobalSection
	GlobalSection(ProjectConfigurationPlatforms) = postSolution
		{FB49D3AD-F611-464A-9D13-D8CEBFFF3F1C}.Debug|x64.ActiveCfg = Debug|x64
		{FB49D3AD-F611-464A-9D13-D8CEBFFF3F1C}.Debug|x64.Build.0 = Debug|x64
		{FB49D3AD-F611-464A-9D13-D8CEBFFF3F1C}.Release|x64.ActiveCfg = Release|x64
		{FB49D3AD-F611-464A-9D13-D8CEBFFF3F1C}.Release|x64.Build.0 = Release|x64
	EndGlobalSection
	GlobalSection(SolutionProperties) = preSolution
		HideSolutionNode = FALSE
	EndGlobalSection
	GlobalSection(ExtensibilityGlobals) = postSolution
		SolutionGuid = {4B440601-C8C0-422B-82AA-82EA50D8690F}
	EndGlobalSection
EndGlobal
